// !$*UTF8*$!
{
	archiveVersion = 1;
	classes = {
	};
	objectVersion = 48;
	objects = {

/* Begin PBXBuildFile section */
		3AC500091EA77B43006687E2 /* Lexer.swift in Sources */ = {isa = PBXBuildFile; fileRef = 3AC500061EA77B43006687E2 /* Lexer.swift */; };
		3AC5000A1EA77B43006687E2 /* Highlighter.swift in Sources */ = {isa = PBXBuildFile; fileRef = 3AC500071EA77B43006687E2 /* Highlighter.swift */; };
		3AC5000C1EA77B88006687E2 /* Token.swift in Sources */ = {isa = PBXBuildFile; fileRef = 3AC5000B1EA77B88006687E2 /* Token.swift */; };
		4C1D65C51E7D9D6B009F04B8 /* WindowController.swift in Sources */ = {isa = PBXBuildFile; fileRef = 4C1D65C41E7D9D6B009F04B8 /* WindowController.swift */; };
		4C1D65C71E7DD286009F04B8 /* Hello.py in Resources */ = {isa = PBXBuildFile; fileRef = 4C1D65C61E7DD286009F04B8 /* Hello.py */; };
		4C4F43F31E8C2157007641A8 /* TextView.swift in Sources */ = {isa = PBXBuildFile; fileRef = 4C4F43F21E8C2157007641A8 /* TextView.swift */; };
		4C5680261EA62AE400465500 /* sshpass in Resources */ = {isa = PBXBuildFile; fileRef = 4C5680251EA62AE400465500 /* sshpass */; };
		4C5680281EA62BE700465500 /* ConfigureModel.swift in Sources */ = {isa = PBXBuildFile; fileRef = 4C5680271EA62BE700465500 /* ConfigureModel.swift */; };
		4C56802A1EA787DB00465500 /* WindowModel.swift in Sources */ = {isa = PBXBuildFile; fileRef = 4C5680291EA787DB00465500 /* WindowModel.swift */; };
		4C56802C1EA7946F00465500 /* SnippetViewController.swift in Sources */ = {isa = PBXBuildFile; fileRef = 4C56802B1EA7946F00465500 /* SnippetViewController.swift */; };
		4C6798AB1E7E9DB300B80CD2 /* ConfigureViewController.swift in Sources */ = {isa = PBXBuildFile; fileRef = 4C6798AA1E7E9DB300B80CD2 /* ConfigureViewController.swift */; };
		4C6798AD1E7EA60300B80CD2 /* Connect.sh in Resources */ = {isa = PBXBuildFile; fileRef = 4C6798AC1E7EA46400B80CD2 /* Connect.sh */; };
		4CAB2F961EA7A51200D02696 /* SnippetCell.swift in Sources */ = {isa = PBXBuildFile; fileRef = 4CAB2F951EA7A51200D02696 /* SnippetCell.swift */; };
		4CAB2F981EA8F31300D02696 /* SnippetModel.swift in Sources */ = {isa = PBXBuildFile; fileRef = 4CAB2F971EA8F31300D02696 /* SnippetModel.swift */; };
		4CB174981E79344E000D333D /* AppDelegate.swift in Sources */ = {isa = PBXBuildFile; fileRef = 4CB174971E79344E000D333D /* AppDelegate.swift */; };
		4CB1749A1E79344E000D333D /* ViewController.swift in Sources */ = {isa = PBXBuildFile; fileRef = 4CB174991E79344E000D333D /* ViewController.swift */; };
		4CB1749C1E79344E000D333D /* Document.swift in Sources */ = {isa = PBXBuildFile; fileRef = 4CB1749B1E79344E000D333D /* Document.swift */; };
		4CB174A11E79344E000D333D /* Assets.xcassets in Resources */ = {isa = PBXBuildFile; fileRef = 4CB174A01E79344E000D333D /* Assets.xcassets */; };
		4CB174A41E79344E000D333D /* Main.storyboard in Resources */ = {isa = PBXBuildFile; fileRef = 4CB174A21E79344E000D333D /* Main.storyboard */; };
		4CCBAA021E8E2C6800D45B9B /* Playground in Resources */ = {isa = PBXBuildFile; fileRef = 4CCBAA011E8E2C6800D45B9B /* Playground */; };
/* End PBXBuildFile section */

/* Begin PBXFileReference section */
		3AC500061EA77B43006687E2 /* Lexer.swift */ = {isa = PBXFileReference; fileEncoding = 4; lastKnownFileType = sourcecode.swift; path = Lexer.swift; sourceTree = "<group>"; };
		3AC500071EA77B43006687E2 /* Highlighter.swift */ = {isa = PBXFileReference; fileEncoding = 4; lastKnownFileType = sourcecode.swift; path = Highlighter.swift; sourceTree = "<group>"; };
		3AC500081EA77B43006687E2 /* HighligterPlayground.playground */ = {isa = PBXFileReference; lastKnownFileType = file.playground; path = HighligterPlayground.playground; sourceTree = "<group>"; };
		3AC5000B1EA77B88006687E2 /* Token.swift */ = {isa = PBXFileReference; fileEncoding = 4; lastKnownFileType = sourcecode.swift; path = Token.swift; sourceTree = "<group>"; };
		4C1D65C41E7D9D6B009F04B8 /* WindowController.swift */ = {isa = PBXFileReference; fileEncoding = 4; lastKnownFileType = sourcecode.swift; path = WindowController.swift; sourceTree = "<group>"; };
		4C1D65C61E7DD286009F04B8 /* Hello.py */ = {isa = PBXFileReference; fileEncoding = 4; lastKnownFileType = text.script.python; path = Hello.py; sourceTree = "<group>"; };
		4C4F43F21E8C2157007641A8 /* TextView.swift */ = {isa = PBXFileReference; fileEncoding = 4; lastKnownFileType = sourcecode.swift; path = TextView.swift; sourceTree = "<group>"; };
		4C5680251EA62AE400465500 /* sshpass */ = {isa = PBXFileReference; lastKnownFileType = "compiled.mach-o.executable"; path = sshpass; sourceTree = "<group>"; };
		4C5680271EA62BE700465500 /* ConfigureModel.swift */ = {isa = PBXFileReference; fileEncoding = 4; lastKnownFileType = sourcecode.swift; name = ConfigureModel.swift; path = ../ConfigureModel.swift; sourceTree = "<group>"; };
		4C5680291EA787DB00465500 /* WindowModel.swift */ = {isa = PBXFileReference; fileEncoding = 4; lastKnownFileType = sourcecode.swift; name = WindowModel.swift; path = ../WindowModel.swift; sourceTree = "<group>"; };
		4C56802B1EA7946F00465500 /* SnippetViewController.swift */ = {isa = PBXFileReference; fileEncoding = 4; lastKnownFileType = sourcecode.swift; path = SnippetViewController.swift; sourceTree = "<group>"; };
		4C6798AA1E7E9DB300B80CD2 /* ConfigureViewController.swift */ = {isa = PBXFileReference; fileEncoding = 4; lastKnownFileType = sourcecode.swift; path = ConfigureViewController.swift; sourceTree = "<group>"; };
		4C6798AC1E7EA46400B80CD2 /* Connect.sh */ = {isa = PBXFileReference; lastKnownFileType = text.script.sh; path = Connect.sh; sourceTree = "<group>"; };
		4CAB2F951EA7A51200D02696 /* SnippetCell.swift */ = {isa = PBXFileReference; fileEncoding = 4; lastKnownFileType = sourcecode.swift; path = SnippetCell.swift; sourceTree = "<group>"; };
		4CAB2F971EA8F31300D02696 /* SnippetModel.swift */ = {isa = PBXFileReference; fileEncoding = 4; lastKnownFileType = sourcecode.swift; path = SnippetModel.swift; sourceTree = "<group>"; };
		4CB174941E79344E000D333D /* Cards.app */ = {isa = PBXFileReference; explicitFileType = wrapper.application; includeInIndex = 0; path = Cards.app; sourceTree = BUILT_PRODUCTS_DIR; };
		4CB174971E79344E000D333D /* AppDelegate.swift */ = {isa = PBXFileReference; lastKnownFileType = sourcecode.swift; path = AppDelegate.swift; sourceTree = "<group>"; };
		4CB174991E79344E000D333D /* ViewController.swift */ = {isa = PBXFileReference; lastKnownFileType = sourcecode.swift; path = ViewController.swift; sourceTree = "<group>"; };
		4CB1749B1E79344E000D333D /* Document.swift */ = {isa = PBXFileReference; lastKnownFileType = sourcecode.swift; path = Document.swift; sourceTree = "<group>"; };
		4CB174A01E79344E000D333D /* Assets.xcassets */ = {isa = PBXFileReference; lastKnownFileType = folder.assetcatalog; path = Assets.xcassets; sourceTree = "<group>"; };
		4CB174A31E79344E000D333D /* Base */ = {isa = PBXFileReference; lastKnownFileType = file.storyboard; name = Base; path = Base.lproj/Main.storyboard; sourceTree = "<group>"; };
		4CB174A51E79344E000D333D /* Info.plist */ = {isa = PBXFileReference; lastKnownFileType = text.plist.xml; path = Info.plist; sourceTree = "<group>"; };
		4CCBAA011E8E2C6800D45B9B /* Playground */ = {isa = PBXFileReference; lastKnownFileType = folder; path = Playground; sourceTree = "<group>"; };
/* End PBXFileReference section */

/* Begin PBXFrameworksBuildPhase section */
		4CB174911E79344E000D333D /* Frameworks */ = {
			isa = PBXFrameworksBuildPhase;
			buildActionMask = 2147483647;
			files = (
			);
			runOnlyForDeploymentPostprocessing = 0;
		};
/* End PBXFrameworksBuildPhase section */

/* Begin PBXGroup section */
		3AC500051EA77B2B006687E2 /* Highlighting */ = {
			isa = PBXGroup;
			children = (
				3AC5000B1EA77B88006687E2 /* Token.swift */,
				3AC500061EA77B43006687E2 /* Lexer.swift */,
				3AC500071EA77B43006687E2 /* Highlighter.swift */,
				3AC500081EA77B43006687E2 /* HighligterPlayground.playground */,
			);
			name = Highlighting;
			sourceTree = "<group>";
		};
		4CAB2F991EA8F32700D02696 /* Snippets */ = {
			isa = PBXGroup;
			children = (
				4C56802B1EA7946F00465500 /* SnippetViewController.swift */,
				4CAB2F971EA8F31300D02696 /* SnippetModel.swift */,
				4CAB2F951EA7A51200D02696 /* SnippetCell.swift */,
			);
			name = Snippets;
			sourceTree = "<group>";
		};
		4CAB2F9A1EA8F33600D02696 /* Configure */ = {
			isa = PBXGroup;
			children = (
				4C6798AA1E7E9DB300B80CD2 /* ConfigureViewController.swift */,
				4C5680271EA62BE700465500 /* ConfigureModel.swift */,
			);
			name = Configure;
			sourceTree = "<group>";
		};
		4CB1748B1E79344E000D333D = {
			isa = PBXGroup;
			children = (
				3AC500051EA77B2B006687E2 /* Highlighting */,
				4CCBAA011E8E2C6800D45B9B /* Playground */,
				4CB174961E79344E000D333D /* Cards */,
				4CB174951E79344E000D333D /* Products */,
			);
			sourceTree = "<group>";
		};
		4CB174951E79344E000D333D /* Products */ = {
			isa = PBXGroup;
			children = (
				4CB174941E79344E000D333D /* Cards.app */,
			);
			name = Products;
			sourceTree = "<group>";
		};
		4CB174961E79344E000D333D /* Cards */ = {
			isa = PBXGroup;
			children = (
				4CB174971E79344E000D333D /* AppDelegate.swift */,
				4C4F43F21E8C2157007641A8 /* TextView.swift */,
				4C1D65C41E7D9D6B009F04B8 /* WindowController.swift */,
				4C5680291EA787DB00465500 /* WindowModel.swift */,
				4CB174991E79344E000D333D /* ViewController.swift */,
				4CAB2F9A1EA8F33600D02696 /* Configure */,
				4CAB2F991EA8F32700D02696 /* Snippets */,
				4CB1749B1E79344E000D333D /* Document.swift */,
				4CB174A01E79344E000D333D /* Assets.xcassets */,
				4CB174A21E79344E000D333D /* Main.storyboard */,
				4C1D65C61E7DD286009F04B8 /* Hello.py */,
				4C5680251EA62AE400465500 /* sshpass */,
				4C6798AC1E7EA46400B80CD2 /* Connect.sh */,
				4CB174A51E79344E000D333D /* Info.plist */,
			);
			path = Cards;
			sourceTree = "<group>";
		};
/* End PBXGroup section */

/* Begin PBXNativeTarget section */
		4CB174931E79344E000D333D /* Cards */ = {
			isa = PBXNativeTarget;
			buildConfigurationList = 4CB174A81E79344E000D333D /* Build configuration list for PBXNativeTarget "Cards" */;
			buildPhases = (
				4CB174901E79344E000D333D /* Sources */,
				4CB174911E79344E000D333D /* Frameworks */,
				4CB174921E79344E000D333D /* Resources */,
			);
			buildRules = (
			);
			dependencies = (
			);
			name = Cards;
			productName = Cards;
			productReference = 4CB174941E79344E000D333D /* Cards.app */;
			productType = "com.apple.product-type.application";
		};
/* End PBXNativeTarget section */

/* Begin PBXProject section */
		4CB1748C1E79344E000D333D /* Project object */ = {
			isa = PBXProject;
			attributes = {
				LastSwiftUpdateCheck = 0820;
				LastUpgradeCheck = 0820;
				ORGANIZATIONNAME = NoobLabs;
				TargetAttributes = {
					4CB174931E79344E000D333D = {
						CreatedOnToolsVersion = 8.2.1;
						DevelopmentTeam = FQ4T4QU544;
						ProvisioningStyle = Automatic;
					};
				};
			};
			buildConfigurationList = 4CB1748F1E79344E000D333D /* Build configuration list for PBXProject "Cards" */;
			compatibilityVersion = "Xcode 8.0";
			developmentRegion = English;
			hasScannedForEncodings = 0;
			knownRegions = (
				en,
				Base,
			);
			mainGroup = 4CB1748B1E79344E000D333D;
			productRefGroup = 4CB174951E79344E000D333D /* Products */;
			projectDirPath = "";
			projectRoot = "";
			targets = (
				4CB174931E79344E000D333D /* Cards */,
			);
		};
/* End PBXProject section */

/* Begin PBXResourcesBuildPhase section */
		4CB174921E79344E000D333D /* Resources */ = {
			isa = PBXResourcesBuildPhase;
			buildActionMask = 2147483647;
			files = (
				4C5680261EA62AE400465500 /* sshpass in Resources */,
				4C6798AD1E7EA60300B80CD2 /* Connect.sh in Resources */,
				4CB174A11E79344E000D333D /* Assets.xcassets in Resources */,
				4C1D65C71E7DD286009F04B8 /* Hello.py in Resources */,
				4CB174A41E79344E000D333D /* Main.storyboard in Resources */,
				4CCBAA021E8E2C6800D45B9B /* Playground in Resources */,
			);
			runOnlyForDeploymentPostprocessing = 0;
		};
/* End PBXResourcesBuildPhase section */

/* Begin PBXSourcesBuildPhase section */
		4CB174901E79344E000D333D /* Sources */ = {
			isa = PBXSourcesBuildPhase;
			buildActionMask = 2147483647;
			files = (
				4C56802C1EA7946F00465500 /* SnippetViewController.swift in Sources */,
				3AC5000C1EA77B88006687E2 /* Token.swift in Sources */,
				4C1D65C51E7D9D6B009F04B8 /* WindowController.swift in Sources */,
				4CAB2F981EA8F31300D02696 /* SnippetModel.swift in Sources */,
				3AC500091EA77B43006687E2 /* Lexer.swift in Sources */,
				4CB1749A1E79344E000D333D /* ViewController.swift in Sources */,
				3AC5000A1EA77B43006687E2 /* Highlighter.swift in Sources */,
				4C4F43F31E8C2157007641A8 /* TextView.swift in Sources */,
				4CB174981E79344E000D333D /* AppDelegate.swift in Sources */,
				4CB1749C1E79344E000D333D /* Document.swift in Sources */,
				4CAB2F961EA7A51200D02696 /* SnippetCell.swift in Sources */,
				4C56802A1EA787DB00465500 /* WindowModel.swift in Sources */,
				4C5680281EA62BE700465500 /* ConfigureModel.swift in Sources */,
				4C6798AB1E7E9DB300B80CD2 /* ConfigureViewController.swift in Sources */,
			);
			runOnlyForDeploymentPostprocessing = 0;
		};
/* End PBXSourcesBuildPhase section */

/* Begin PBXVariantGroup section */
		4CB174A21E79344E000D333D /* Main.storyboard */ = {
			isa = PBXVariantGroup;
			children = (
				4CB174A31E79344E000D333D /* Base */,
			);
			name = Main.storyboard;
			sourceTree = "<group>";
		};
/* End PBXVariantGroup section */

/* Begin XCBuildConfiguration section */
		4CB174A61E79344E000D333D /* Debug */ = {
			isa = XCBuildConfiguration;
			buildSettings = {
				ALWAYS_SEARCH_USER_PATHS = NO;
				CLANG_ANALYZER_NONNULL = YES;
				CLANG_CXX_LANGUAGE_STANDARD = "gnu++0x";
				CLANG_CXX_LIBRARY = "libc++";
				CLANG_ENABLE_MODULES = YES;
				CLANG_ENABLE_OBJC_ARC = YES;
				CLANG_WARN_BOOL_CONVERSION = YES;
				CLANG_WARN_CONSTANT_CONVERSION = YES;
				CLANG_WARN_DIRECT_OBJC_ISA_USAGE = YES_ERROR;
				CLANG_WARN_DOCUMENTATION_COMMENTS = YES;
				CLANG_WARN_EMPTY_BODY = YES;
				CLANG_WARN_ENUM_CONVERSION = YES;
				CLANG_WARN_INFINITE_RECURSION = YES;
				CLANG_WARN_INT_CONVERSION = YES;
				CLANG_WARN_OBJC_ROOT_CLASS = YES_ERROR;
				CLANG_WARN_SUSPICIOUS_MOVE = YES;
				CLANG_WARN_UNREACHABLE_CODE = YES;
				CLANG_WARN__DUPLICATE_METHOD_MATCH = YES;
				CODE_SIGN_IDENTITY = "-";
				COPY_PHASE_STRIP = NO;
				DEBUG_INFORMATION_FORMAT = dwarf;
				ENABLE_STRICT_OBJC_MSGSEND = YES;
				ENABLE_TESTABILITY = YES;
				GCC_C_LANGUAGE_STANDARD = gnu99;
				GCC_DYNAMIC_NO_PIC = NO;
				GCC_NO_COMMON_BLOCKS = YES;
				GCC_OPTIMIZATION_LEVEL = 0;
				GCC_PREPROCESSOR_DEFINITIONS = (
					"DEBUG=1",
					"$(inherited)",
				);
				GCC_WARN_64_TO_32_BIT_CONVERSION = YES;
				GCC_WARN_ABOUT_RETURN_TYPE = YES_ERROR;
				GCC_WARN_UNDECLARED_SELECTOR = YES;
				GCC_WARN_UNINITIALIZED_AUTOS = YES_AGGRESSIVE;
				GCC_WARN_UNUSED_FUNCTION = YES;
				GCC_WARN_UNUSED_VARIABLE = YES;
				MACOSX_DEPLOYMENT_TARGET = 10.12;
				MTL_ENABLE_DEBUG_INFO = YES;
				ONLY_ACTIVE_ARCH = YES;
				SDKROOT = macosx;
				SWIFT_ACTIVE_COMPILATION_CONDITIONS = DEBUG;
				SWIFT_OPTIMIZATION_LEVEL = "-Onone";
			};
			name = Debug;
		};
		4CB174A71E79344E000D333D /* Release */ = {
			isa = XCBuildConfiguration;
			buildSettings = {
				ALWAYS_SEARCH_USER_PATHS = NO;
				CLANG_ANALYZER_NONNULL = YES;
				CLANG_CXX_LANGUAGE_STANDARD = "gnu++0x";
				CLANG_CXX_LIBRARY = "libc++";
				CLANG_ENABLE_MODULES = YES;
				CLANG_ENABLE_OBJC_ARC = YES;
				CLANG_WARN_BOOL_CONVERSION = YES;
				CLANG_WARN_CONSTANT_CONVERSION = YES;
				CLANG_WARN_DIRECT_OBJC_ISA_USAGE = YES_ERROR;
				CLANG_WARN_DOCUMENTATION_COMMENTS = YES;
				CLANG_WARN_EMPTY_BODY = YES;
				CLANG_WARN_ENUM_CONVERSION = YES;
				CLANG_WARN_INFINITE_RECURSION = YES;
				CLANG_WARN_INT_CONVERSION = YES;
				CLANG_WARN_OBJC_ROOT_CLASS = YES_ERROR;
				CLANG_WARN_SUSPICIOUS_MOVE = YES;
				CLANG_WARN_UNREACHABLE_CODE = YES;
				CLANG_WARN__DUPLICATE_METHOD_MATCH = YES;
				CODE_SIGN_IDENTITY = "-";
				COPY_PHASE_STRIP = NO;
				DEBUG_INFORMATION_FORMAT = "dwarf-with-dsym";
				ENABLE_NS_ASSERTIONS = NO;
				ENABLE_STRICT_OBJC_MSGSEND = YES;
				GCC_C_LANGUAGE_STANDARD = gnu99;
				GCC_NO_COMMON_BLOCKS = YES;
				GCC_WARN_64_TO_32_BIT_CONVERSION = YES;
				GCC_WARN_ABOUT_RETURN_TYPE = YES_ERROR;
				GCC_WARN_UNDECLARED_SELECTOR = YES;
				GCC_WARN_UNINITIALIZED_AUTOS = YES_AGGRESSIVE;
				GCC_WARN_UNUSED_FUNCTION = YES;
				GCC_WARN_UNUSED_VARIABLE = YES;
				MACOSX_DEPLOYMENT_TARGET = 10.12;
				MTL_ENABLE_DEBUG_INFO = NO;
				SDKROOT = macosx;
				SWIFT_OPTIMIZATION_LEVEL = "-Owholemodule";
			};
			name = Release;
		};
		4CB174A91E79344E000D333D /* Debug */ = {
			isa = XCBuildConfiguration;
			buildSettings = {
				ASSETCATALOG_COMPILER_APPICON_NAME = AppIcon;
				COMBINE_HIDPI_IMAGES = YES;
				DEVELOPMENT_TEAM = FQ4T4QU544;
				INFOPLIST_FILE = Cards/Info.plist;
				LD_RUNPATH_SEARCH_PATHS = "$(inherited) @executable_path/../Frameworks";
				PRODUCT_BUNDLE_IDENTIFIER = NoobLabs.Cards;
				PRODUCT_NAME = "$(TARGET_NAME)";
				SWIFT_VERSION = 3.0;
			};
			name = Debug;
		};
		4CB174AA1E79344E000D333D /* Release */ = {
			isa = XCBuildConfiguration;
			buildSettings = {
				ASSETCATALOG_COMPILER_APPICON_NAME = AppIcon;
				COMBINE_HIDPI_IMAGES = YES;
				DEVELOPMENT_TEAM = FQ4T4QU544;
				INFOPLIST_FILE = Cards/Info.plist;
				LD_RUNPATH_SEARCH_PATHS = "$(inherited) @executable_path/../Frameworks";
				PRODUCT_BUNDLE_IDENTIFIER = NoobLabs.Cards;
				PRODUCT_NAME = "$(TARGET_NAME)";
				SWIFT_VERSION = 3.0;
			};
			name = Release;
		};
/* End XCBuildConfiguration section */

/* Begin XCConfigurationList section */
		4CB1748F1E79344E000D333D /* Build configuration list for PBXProject "Cards" */ = {
			isa = XCConfigurationList;
			buildConfigurations = (
				4CB174A61E79344E000D333D /* Debug */,
				4CB174A71E79344E000D333D /* Release */,
			);
			defaultConfigurationIsVisible = 0;
			defaultConfigurationName = Release;
		};
		4CB174A81E79344E000D333D /* Build configuration list for PBXNativeTarget "Cards" */ = {
			isa = XCConfigurationList;
			buildConfigurations = (
				4CB174A91E79344E000D333D /* Debug */,
				4CB174AA1E79344E000D333D /* Release */,
			);
			defaultConfigurationIsVisible = 0;
			defaultConfigurationName = Release;
		};
/* End XCConfigurationList section */
	};
	rootObject = 4CB1748C1E79344E000D333D /* Project object */;
}
